
Microsoft Visual Studio Solution File, Format Version 12.00
# Visual Studio Version 16
VisualStudioVersion = 16.0.30406.217
MinimumVisualStudioVersion = 10.0.40219.1
Project("{FAE04EC0-301F-11D3-BF4B-00C04F79EFBC}") = "String_Döndürme_Çalişmasi", "String_Döndürme_Çalişmasi\String_Döndürme_Çalişmasi.csproj", "{537CC648-7210-4D56-9C74-6A605F7F88B3}"
EndProject
Global
	GlobalSection(SolutionConfigurationPlatforms) = preSolution
		Debug|Any CPU = Debug|Any CPU
		Release|Any CPU = Release|Any CPU
	EndGlobalSection
	GlobalSection(ProjectConfigurationPlatforms) = postSolution
		{537CC648-7210-4D56-9C74-6A605F7F88B3}.Debug|Any CPU.ActiveCfg = Debug|Any CPU
		{537CC648-7210-4D56-9C74-6A605F7F88B3}.Debug|Any CPU.Build.0 = Debug|Any CPU
		{537CC648-7210-4D56-9C74-6A605F7F88B3}.Release|Any CPU.ActiveCfg = Release|Any CPU
		{537CC648-7210-4D56-9C74-6A605F7F88B3}.Release|Any CPU.Build.0 = Release|Any CPU
	EndGlobalSection
	GlobalSection(SolutionProperties) = preSolution
		HideSolutionNode = FALSE
	EndGlobalSection
	GlobalSection(ExtensibilityGlobals) = postSolution
		SolutionGuid = {574A4249-73E1-4110-8CB8-8BB108596068}
	EndGlobalSection
EndGlobal
